{
  "name": "@weddell/event-emitter-mixin",
  "version": "1.1.4",
  "lockfileVersion": 1,
  "requires": true,
  "dependencies": {
    "@weddell/mixwith": {
      "version": "0.1.5",
      "resolved": "https://registry.npmjs.org/@weddell/mixwith/-/mixwith-0.1.5.tgz",
      "integrity": "sha512-8oKb5/xXQHGNQk3oyq6iT/rkGg/1x5D/P7jCVkOrbnFsFGlWZPhQ1s0R7gBGGU7OBocuSu11zPH+szFp+hY0mA=="
    }
  }
}
