{
  "name": "event-emitter-mixin",
  "version": "1.0.1",
  "lockfileVersion": 1,
  "requires": true,
  "dependencies": {
    "mixwith-es5": {
      "version": "0.1.3",
      "resolved": "http://npm.2kweb.online/mixwith-es5/-/mixwith-es5-0.1.3.tgz",
      "integrity": "sha1-K2xzUW2sU0M3LhUoeZaBFKRNUQE="
    }
  }
}
